<Solution>
  <Folder Name="/meta/">
    <File Path=".gitattributes" />
    <File Path=".gitignore" />
    <File Path="LICENSE.txt" />
    <File Path="README.md" />
  </Folder>
  <Folder Name="/src/">
    <Project Path="EM65XX.Core/EM65XX.Core.csproj" />
    <Project Path="EM65XX.Terminal/EM65XX.Terminal.csproj" />
  </Folder>
  <Project Path="EM65XX.SingleStepTests.Runner/EM65XX.SingleStepTests.Runner.csproj" Id="761ba5be-0ca8-46ce-a2f0-d4167c79a53e" />
</Solution>
